// !$*UTF8*$!
{
	archiveVersion = 1;
	classes = {
	};
	objectVersion = 77;
	objects = {

/* Begin PBXContainerItemProxy section */
		DAAFF5ED2E14A13D00ECFDA7 /* PBXContainerItemProxy */ = {
			isa = PBXContainerItemProxy;
			containerPortal = DAAFF5D52E14A13D00ECFDA7 /* Project object */;
			proxyType = 1;
			remoteGlobalIDString = DAAFF5DC2E14A13D00ECFDA7;
			remoteInfo = airecipeios;
		};
		DAAFF5F72E14A13D00ECFDA7 /* PBXContainerItemProxy */ = {
			isa = PBXContainerItemProxy;
			containerPortal = DAAFF5D52E14A13D00ECFDA7 /* Project object */;
			proxyType = 1;
			remoteGlobalIDString = DAAFF5DC2E14A13D00ECFDA7;
			remoteInfo = airecipeios;
		};
/* End PBXContainerItemProxy section */

/* Begin PBXFileReference section */
		DAAFF5DD2E14A13D00ECFDA7 /* airecipeios.app */ = {isa = PBXFileReference; explicitFileType = wrapper.application; includeInIndex = 0; path = airecipeios.app; sourceTree = BUILT_PRODUCTS_DIR; };
		DAAFF5EC2E14A13D00ECFDA7 /* airecipeiosTests.xctest */ = {isa = PBXFileReference; explicitFileType = wrapper.cfbundle; includeInIndex = 0; path = airecipeiosTests.xctest; sourceTree = BUILT_PRODUCTS_DIR; };
		DAAFF5F62E14A13D00ECFDA7 /* airecipeiosUITests.xctest */ = {isa = PBXFileReference; explicitFileType = wrapper.cfbundle; includeInIndex = 0; path = airecipeiosUITests.xctest; sourceTree = BUILT_PRODUCTS_DIR; };
/* End PBXFileReference section */

/* Begin PBXFileSystemSynchronizedRootGroup section */
		DAAFF5DF2E14A13D00ECFDA7 /* airecipeios */ = {
			isa = PBXFileSystemSynchronizedRootGroup;
			path = airecipeios;
			sourceTree = "<group>";
		};
		DAAFF5EF2E14A13D00ECFDA7 /* airecipeiosTests */ = {
			isa = PBXFileSystemSynchronizedRootGroup;
			path = airecipeiosTests;
			sourceTree = "<group>";
		};
		DAAFF5F92E14A13D00ECFDA7 /* airecipeiosUITests */ = {
			isa = PBXFileSystemSynchronizedRootGroup;
			path = airecipeiosUITests;
			sourceTree = "<group>";
		};
/* End PBXFileSystemSynchronizedRootGroup section */

/* Begin PBXFrameworksBuildPhase section */
		DAAFF5DA2E14A13D00ECFDA7 /* Frameworks */ = {
			isa = PBXFrameworksBuildPhase;
			buildActionMask = 2147483647;
			files = (
			);
			runOnlyForDeploymentPostprocessing = 0;
		};
		DAAFF5E92E14A13D00ECFDA7 /* Frameworks */ = {
			isa = PBXFrameworksBuildPhase;
			buildActionMask = 2147483647;
			files = (
			);
			runOnlyForDeploymentPostprocessing = 0;
		};
		DAAFF5F32E14A13D00ECFDA7 /* Frameworks */ = {
			isa = PBXFrameworksBuildPhase;
			buildActionMask = 2147483647;
			files = (
			);
			runOnlyForDeploymentPostprocessing = 0;
		};
/* End PBXFrameworksBuildPhase section */

/* Begin PBXGroup section */
		DAAFF5D42E14A13D00ECFDA7 = {
			isa = PBXGroup;
			children = (
				DAAFF5DF2E14A13D00ECFDA7 /* airecipeios */,
				DAAFF5EF2E14A13D00ECFDA7 /* airecipeiosTests */,
				DAAFF5F92E14A13D00ECFDA7 /* airecipeiosUITests */,
				DAAFF5DE2E14A13D00ECFDA7 /* Products */,
			);
			sourceTree = "<group>";
		};
		DAAFF5DE2E14A13D00ECFDA7 /* Products */ = {
			isa = PBXGroup;
			children = (
				DAAFF5DD2E14A13D00ECFDA7 /* airecipeios.app */,
				DAAFF5EC2E14A13D00ECFDA7 /* airecipeiosTests.xctest */,
				DAAFF5F62E14A13D00ECFDA7 /* airecipeiosUITests.xctest */,
			);
			name = Products;
			sourceTree = "<group>";
		};
/* End PBXGroup section */

/* Begin PBXNativeTarget section */
		DAAFF5DC2E14A13D00ECFDA7 /* airecipeios */ = {
			isa = PBXNativeTarget;
			buildConfigurationList = DAAFF6002E14A13D00ECFDA7 /* Build configuration list for PBXNativeTarget "airecipeios" */;
			buildPhases = (
				DAAFF5D92E14A13D00ECFDA7 /* Sources */,
				DAAFF5DA2E14A13D00ECFDA7 /* Frameworks */,
				DAAFF5DB2E14A13D00ECFDA7 /* Resources */,
			);
			buildRules = (
			);
			dependencies = (
			);
			fileSystemSynchronizedGroups = (
				DAAFF5DF2E14A13D00ECFDA7 /* airecipeios */,
			);
			name = airecipeios;
			packageProductDependencies = (
			);
			productName = airecipeios;
			productReference = DAAFF5DD2E14A13D00ECFDA7 /* airecipeios.app */;
			productType = "com.apple.product-type.application";
		};
		DAAFF5EB2E14A13D00ECFDA7 /* airecipeiosTests */ = {
			isa = PBXNativeTarget;
			buildConfigurationList = DAAFF6032E14A13D00ECFDA7 /* Build configuration list for PBXNativeTarget "airecipeiosTests" */;
			buildPhases = (
				DAAFF5E82E14A13D00ECFDA7 /* Sources */,
				DAAFF5E92E14A13D00ECFDA7 /* Frameworks */,
				DAAFF5EA2E14A13D00ECFDA7 /* Resources */,
			);
			buildRules = (
			);
			dependencies = (
				DAAFF5EE2E14A13D00ECFDA7 /* PBXTargetDependency */,
			);
			fileSystemSynchronizedGroups = (
				DAAFF5EF2E14A13D00ECFDA7 /* airecipeiosTests */,
			);
			name = airecipeiosTests;
			packageProductDependencies = (
			);
			productName = airecipeiosTests;
			productReference = DAAFF5EC2E14A13D00ECFDA7 /* airecipeiosTests.xctest */;
			productType = "com.apple.product-type.bundle.unit-test";
		};
		DAAFF5F52E14A13D00ECFDA7 /* airecipeiosUITests */ = {
			isa = PBXNativeTarget;
			buildConfigurationList = DAAFF6062E14A13D00ECFDA7 /* Build configuration list for PBXNativeTarget "airecipeiosUITests" */;
			buildPhases = (
				DAAFF5F22E14A13D00ECFDA7 /* Sources */,
				DAAFF5F32E14A13D00ECFDA7 /* Frameworks */,
				DAAFF5F42E14A13D00ECFDA7 /* Resources */,
			);
			buildRules = (
			);
			dependencies = (
				DAAFF5F82E14A13D00ECFDA7 /* PBXTargetDependency */,
			);
			fileSystemSynchronizedGroups = (
				DAAFF5F92E14A13D00ECFDA7 /* airecipeiosUITests */,
			);
			name = airecipeiosUITests;
			packageProductDependencies = (
			);
			productName = airecipeiosUITests;
			productReference = DAAFF5F62E14A13D00ECFDA7 /* airecipeiosUITests.xctest */;
			productType = "com.apple.product-type.bundle.ui-testing";
		};
/* End PBXNativeTarget section */

/* Begin PBXProject section */
		DAAFF5D52E14A13D00ECFDA7 /* Project object */ = {
			isa = PBXProject;
			attributes = {
				BuildIndependentTargetsInParallel = 1;
				LastSwiftUpdateCheck = 1640;
				LastUpgradeCheck = 1640;
				TargetAttributes = {
					DAAFF5DC2E14A13D00ECFDA7 = {
						CreatedOnToolsVersion = 16.4;
					};
					DAAFF5EB2E14A13D00ECFDA7 = {
						CreatedOnToolsVersion = 16.4;
						TestTargetID = DAAFF5DC2E14A13D00ECFDA7;
					};
					DAAFF5F52E14A13D00ECFDA7 = {
						CreatedOnToolsVersion = 16.4;
						TestTargetID = DAAFF5DC2E14A13D00ECFDA7;
					};
				};
			};
			buildConfigurationList = DAAFF5D82E14A13D00ECFDA7 /* Build configuration list for PBXProject "airecipeios" */;
			developmentRegion = en;
			hasScannedForEncodings = 0;
			knownRegions = (
				en,
				Base,
			);
			mainGroup = DAAFF5D42E14A13D00ECFDA7;
			minimizedProjectReferenceProxies = 1;
			preferredProjectObjectVersion = 77;
			productRefGroup = DAAFF5DE2E14A13D00ECFDA7 /* Products */;
			projectDirPath = "";
			projectRoot = "";
			targets = (
				DAAFF5DC2E14A13D00ECFDA7 /* airecipeios */,
				DAAFF5EB2E14A13D00ECFDA7 /* airecipeiosTests */,
				DAAFF5F52E14A13D00ECFDA7 /* airecipeiosUITests */,
			);
		};
/* End PBXProject section */

/* Begin PBXResourcesBuildPhase section */
		DAAFF5DB2E14A13D00ECFDA7 /* Resources */ = {
			isa = PBXResourcesBuildPhase;
			buildActionMask = 2147483647;
			files = (
			);
			runOnlyForDeploymentPostprocessing = 0;
		};
		DAAFF5EA2E14A13D00ECFDA7 /* Resources */ = {
			isa = PBXResourcesBuildPhase;
			buildActionMask = 2147483647;
			files = (
			);
			runOnlyForDeploymentPostprocessing = 0;
		};
		DAAFF5F42E14A13D00ECFDA7 /* Resources */ = {
			isa = PBXResourcesBuildPhase;
			buildActionMask = 2147483647;
			files = (
			);
			runOnlyForDeploymentPostprocessing = 0;
		};
/* End PBXResourcesBuildPhase section */

/* Begin PBXSourcesBuildPhase section */
		DAAFF5D92E14A13D00ECFDA7 /* Sources */ = {
			isa = PBXSourcesBuildPhase;
			buildActionMask = 2147483647;
			files = (
			);
			runOnlyForDeploymentPostprocessing = 0;
		};
		DAAFF5E82E14A13D00ECFDA7 /* Sources */ = {
			isa = PBXSourcesBuildPhase;
			buildActionMask = 2147483647;
			files = (
			);
			runOnlyForDeploymentPostprocessing = 0;
		};
		DAAFF5F22E14A13D00ECFDA7 /* Sources */ = {
			isa = PBXSourcesBuildPhase;
			buildActionMask = 2147483647;
			files = (
			);
			runOnlyForDeploymentPostprocessing = 0;
		};
/* End PBXSourcesBuildPhase section */

/* Begin PBXTargetDependency section */
		DAAFF5EE2E14A13D00ECFDA7 /* PBXTargetDependency */ = {
			isa = PBXTargetDependency;
			target = DAAFF5DC2E14A13D00ECFDA7 /* airecipeios */;
			targetProxy = DAAFF5ED2E14A13D00ECFDA7 /* PBXContainerItemProxy */;
		};
		DAAFF5F82E14A13D00ECFDA7 /* PBXTargetDependency */ = {
			isa = PBXTargetDependency;
			target = DAAFF5DC2E14A13D00ECFDA7 /* airecipeios */;
			targetProxy = DAAFF5F72E14A13D00ECFDA7 /* PBXContainerItemProxy */;
		};
/* End PBXTargetDependency section */

/* Begin XCBuildConfiguration section */
		DAAFF5FE2E14A13D00ECFDA7 /* Debug */ = {
			isa = XCBuildConfiguration;
			buildSettings = {
				ALWAYS_SEARCH_USER_PATHS = NO;
				ASSETCATALOG_COMPILER_GENERATE_SWIFT_ASSET_SYMBOL_EXTENSIONS = YES;
				CLANG_ANALYZER_NONNULL = YES;
				CLANG_ANALYZER_NUMBER_OBJECT_CONVERSION = YES_AGGRESSIVE;
				CLANG_CXX_LANGUAGE_STANDARD = "gnu++20";
				CLANG_ENABLE_MODULES = YES;
				CLANG_ENABLE_OBJC_ARC = YES;
				CLANG_ENABLE_OBJC_WEAK = YES;
				CLANG_WARN_BLOCK_CAPTURE_AUTORELEASING = YES;
				CLANG_WARN_BOOL_CONVERSION = YES;
				CLANG_WARN_COMMA = YES;
				CLANG_WARN_CONSTANT_CONVERSION = YES;
				CLANG_WARN_DEPRECATED_OBJC_IMPLEMENTATIONS = YES;
				CLANG_WARN_DIRECT_OBJC_ISA_USAGE = YES_ERROR;
				CLANG_WARN_DOCUMENTATION_COMMENTS = YES;
				CLANG_WARN_EMPTY_BODY = YES;
				CLANG_WARN_ENUM_CONVERSION = YES;
				CLANG_WARN_INFINITE_RECURSION = YES;
				CLANG_WARN_INT_CONVERSION = YES;
				CLANG_WARN_NON_LITERAL_NULL_CONVERSION = YES;
				CLANG_WARN_OBJC_IMPLICIT_RETAIN_SELF = YES;
				CLANG_WARN_OBJC_LITERAL_CONVERSION = YES;
				CLANG_WARN_OBJC_ROOT_CLASS = YES_ERROR;
				CLANG_WARN_QUOTED_INCLUDE_IN_FRAMEWORK_HEADER = YES;
				CLANG_WARN_RANGE_LOOP_ANALYSIS = YES;
				CLANG_WARN_STRICT_PROTOTYPES = YES;
				CLANG_WARN_SUSPICIOUS_MOVE = YES;
				CLANG_WARN_UNGUARDED_AVAILABILITY = YES_AGGRESSIVE;
				CLANG_WARN_UNREACHABLE_CODE = YES;
				CLANG_WARN__DUPLICATE_METHOD_MATCH = YES;
				COPY_PHASE_STRIP = NO;
				DEBUG_INFORMATION_FORMAT = dwarf;
				ENABLE_STRICT_OBJC_MSGSEND = YES;
				ENABLE_TESTABILITY = YES;
				ENABLE_USER_SCRIPT_SANDBOXING = YES;
				GCC_C_LANGUAGE_STANDARD = gnu17;
				GCC_DYNAMIC_NO_PIC = NO;
				GCC_NO_COMMON_BLOCKS = YES;
				GCC_OPTIMIZATION_LEVEL = 0;
				GCC_PREPROCESSOR_DEFINITIONS = (
					"DEBUG=1",
					"$(inherited)",
				);
				GCC_WARN_64_TO_32_BIT_CONVERSION = YES;
				GCC_WARN_ABOUT_RETURN_TYPE = YES_ERROR;
				GCC_WARN_UNDECLARED_SELECTOR = YES;
				GCC_WARN_UNINITIALIZED_AUTOS = YES_AGGRESSIVE;
				GCC_WARN_UNUSED_FUNCTION = YES;
				GCC_WARN_UNUSED_VARIABLE = YES;
				IPHONEOS_DEPLOYMENT_TARGET = 18.5;
				LOCALIZATION_PREFERS_STRING_CATALOGS = YES;
				MTL_ENABLE_DEBUG_INFO = INCLUDE_SOURCE;
				MTL_FAST_MATH = YES;
				ONLY_ACTIVE_ARCH = YES;
				SDKROOT = iphoneos;
				SWIFT_ACTIVE_COMPILATION_CONDITIONS = "DEBUG $(inherited)";
				SWIFT_OPTIMIZATION_LEVEL = "-Onone";
			};
			name = Debug;
		};
		DAAFF5FF2E14A13D00ECFDA7 /* Release */ = {
			isa = XCBuildConfiguration;
			buildSettings = {
				ALWAYS_SEARCH_USER_PATHS = NO;
				ASSETCATALOG_COMPILER_GENERATE_SWIFT_ASSET_SYMBOL_EXTENSIONS = YES;
				CLANG_ANALYZER_NONNULL = YES;
				CLANG_ANALYZER_NUMBER_OBJECT_CONVERSION = YES_AGGRESSIVE;
				CLANG_CXX_LANGUAGE_STANDARD = "gnu++20";
				CLANG_ENABLE_MODULES = YES;
				CLANG_ENABLE_OBJC_ARC = YES;
				CLANG_ENABLE_OBJC_WEAK = YES;
				CLANG_WARN_BLOCK_CAPTURE_AUTORELEASING = YES;
				CLANG_WARN_BOOL_CONVERSION = YES;
				CLANG_WARN_COMMA = YES;
				CLANG_WARN_CONSTANT_CONVERSION = YES;
				CLANG_WARN_DEPRECATED_OBJC_IMPLEMENTATIONS = YES;
				CLANG_WARN_DIRECT_OBJC_ISA_USAGE = YES_ERROR;
				CLANG_WARN_DOCUMENTATION_COMMENTS = YES;
				CLANG_WARN_EMPTY_BODY = YES;
				CLANG_WARN_ENUM_CONVERSION = YES;
				CLANG_WARN_INFINITE_RECURSION = YES;
				CLANG_WARN_INT_CONVERSION = YES;
				CLANG_WARN_NON_LITERAL_NULL_CONVERSION = YES;
				CLANG_WARN_OBJC_IMPLICIT_RETAIN_SELF = YES;
				CLANG_WARN_OBJC_LITERAL_CONVERSION = YES;
				CLANG_WARN_OBJC_ROOT_CLASS = YES_ERROR;
				CLANG_WARN_QUOTED_INCLUDE_IN_FRAMEWORK_HEADER = YES;
				CLANG_WARN_RANGE_LOOP_ANALYSIS = YES;
				CLANG_WARN_STRICT_PROTOTYPES = YES;
				CLANG_WARN_SUSPICIOUS_MOVE = YES;
				CLANG_WARN_UNGUARDED_AVAILABILITY = YES_AGGRESSIVE;
				CLANG_WARN_UNREACHABLE_CODE = YES;
				CLANG_WARN__DUPLICATE_METHOD_MATCH = YES;
				COPY_PHASE_STRIP = NO;
				DEBUG_INFORMATION_FORMAT = "dwarf-with-dsym";
				ENABLE_NS_ASSERTIONS = NO;
				ENABLE_STRICT_OBJC_MSGSEND = YES;
				ENABLE_USER_SCRIPT_SANDBOXING = YES;
				GCC_C_LANGUAGE_STANDARD = gnu17;
				GCC_NO_COMMON_BLOCKS = YES;
				GCC_WARN_64_TO_32_BIT_CONVERSION = YES;
				GCC_WARN_ABOUT_RETURN_TYPE = YES_ERROR;
				GCC_WARN_UNDECLARED_SELECTOR = YES;
				GCC_WARN_UNINITIALIZED_AUTOS = YES_AGGRESSIVE;
				GCC_WARN_UNUSED_FUNCTION = YES;
				GCC_WARN_UNUSED_VARIABLE = YES;
				IPHONEOS_DEPLOYMENT_TARGET = 18.5;
				LOCALIZATION_PREFERS_STRING_CATALOGS = YES;
				MTL_ENABLE_DEBUG_INFO = NO;
				MTL_FAST_MATH = YES;
				SDKROOT = iphoneos;
				SWIFT_COMPILATION_MODE = wholemodule;
				VALIDATE_PRODUCT = YES;
			};
			name = Release;
		};
		DAAFF6012E14A13D00ECFDA7 /* Debug */ = {
			isa = XCBuildConfiguration;
			buildSettings = {
				ASSETCATALOG_COMPILER_APPICON_NAME = AppIcon;
				ASSETCATALOG_COMPILER_GLOBAL_ACCENT_COLOR_NAME = AccentColor;
				CODE_SIGN_STYLE = Automatic;
				CURRENT_PROJECT_VERSION = 1;
				ENABLE_PREVIEWS = YES;
				GENERATE_INFOPLIST_FILE = YES;
				INFOPLIST_KEY_UIApplicationSceneManifest_Generation = YES;
				INFOPLIST_KEY_UIApplicationSupportsIndirectInputEvents = YES;
				INFOPLIST_KEY_UILaunchScreen_Generation = YES;
				INFOPLIST_KEY_UISupportedInterfaceOrientations_iPad = "UIInterfaceOrientationPortrait UIInterfaceOrientationPortraitUpsideDown UIInterfaceOrientationLandscapeLeft UIInterfaceOrientationLandscapeRight";
				INFOPLIST_KEY_UISupportedInterfaceOrientations_iPhone = "UIInterfaceOrientationPortrait UIInterfaceOrientationLandscapeLeft UIInterfaceOrientationLandscapeRight";
				LD_RUNPATH_SEARCH_PATHS = (
					"$(inherited)",
					"@executable_path/Frameworks",
				);
				MARKETING_VERSION = 1.0;
				PRODUCT_BUNDLE_IDENTIFIER = com.ddanss.airecipeios;
				PRODUCT_NAME = "$(TARGET_NAME)";
				SWIFT_EMIT_LOC_STRINGS = YES;
				SWIFT_VERSION = 5.0;
				TARGETED_DEVICE_FAMILY = "1,2";
			};
			name = Debug;
		};
		DAAFF6022E14A13D00ECFDA7 /* Release */ = {
			isa = XCBuildConfiguration;
			buildSettings = {
				ASSETCATALOG_COMPILER_APPICON_NAME = AppIcon;
				ASSETCATALOG_COMPILER_GLOBAL_ACCENT_COLOR_NAME = AccentColor;
				CODE_SIGN_STYLE = Automatic;
				CURRENT_PROJECT_VERSION = 1;
				ENABLE_PREVIEWS = YES;
				GENERATE_INFOPLIST_FILE = YES;
				INFOPLIST_KEY_UIApplicationSceneManifest_Generation = YES;
				INFOPLIST_KEY_UIApplicationSupportsIndirectInputEvents = YES;
				INFOPLIST_KEY_UILaunchScreen_Generation = YES;
				INFOPLIST_KEY_UISupportedInterfaceOrientations_iPad = "UIInterfaceOrientationPortrait UIInterfaceOrientationPortraitUpsideDown UIInterfaceOrientationLandscapeLeft UIInterfaceOrientationLandscapeRight";
				INFOPLIST_KEY_UISupportedInterfaceOrientations_iPhone = "UIInterfaceOrientationPortrait UIInterfaceOrientationLandscapeLeft UIInterfaceOrientationLandscapeRight";
				LD_RUNPATH_SEARCH_PATHS = (
					"$(inherited)",
					"@executable_path/Frameworks",
				);
				MARKETING_VERSION = 1.0;
				PRODUCT_BUNDLE_IDENTIFIER = com.ddanss.airecipeios;
				PRODUCT_NAME = "$(TARGET_NAME)";
				SWIFT_EMIT_LOC_STRINGS = YES;
				SWIFT_VERSION = 5.0;
				TARGETED_DEVICE_FAMILY = "1,2";
			};
			name = Release;
		};
		DAAFF6042E14A13D00ECFDA7 /* Debug */ = {
			isa = XCBuildConfiguration;
			buildSettings = {
				BUNDLE_LOADER = "$(TEST_HOST)";
				CODE_SIGN_STYLE = Automatic;
				CURRENT_PROJECT_VERSION = 1;
				GENERATE_INFOPLIST_FILE = YES;
				IPHONEOS_DEPLOYMENT_TARGET = 18.5;
				MARKETING_VERSION = 1.0;
				PRODUCT_BUNDLE_IDENTIFIER = com.ddanss.airecipeiosTests;
				PRODUCT_NAME = "$(TARGET_NAME)";
				SWIFT_EMIT_LOC_STRINGS = NO;
				SWIFT_VERSION = 5.0;
				TARGETED_DEVICE_FAMILY = "1,2";
				TEST_HOST = "$(BUILT_PRODUCTS_DIR)/airecipeios.app/$(BUNDLE_EXECUTABLE_FOLDER_PATH)/airecipeios";
			};
			name = Debug;
		};
		DAAFF6052E14A13D00ECFDA7 /* Release */ = {
			isa = XCBuildConfiguration;
			buildSettings = {
				BUNDLE_LOADER = "$(TEST_HOST)";
				CODE_SIGN_STYLE = Automatic;
				CURRENT_PROJECT_VERSION = 1;
				GENERATE_INFOPLIST_FILE = YES;
				IPHONEOS_DEPLOYMENT_TARGET = 18.5;
				MARKETING_VERSION = 1.0;
				PRODUCT_BUNDLE_IDENTIFIER = com.ddanss.airecipeiosTests;
				PRODUCT_NAME = "$(TARGET_NAME)";
				SWIFT_EMIT_LOC_STRINGS = NO;
				SWIFT_VERSION = 5.0;
				TARGETED_DEVICE_FAMILY = "1,2";
				TEST_HOST = "$(BUILT_PRODUCTS_DIR)/airecipeios.app/$(BUNDLE_EXECUTABLE_FOLDER_PATH)/airecipeios";
			};
			name = Release;
		};
		DAAFF6072E14A13D00ECFDA7 /* Debug */ = {
			isa = XCBuildConfiguration;
			buildSettings = {
				CODE_SIGN_STYLE = Automatic;
				CURRENT_PROJECT_VERSION = 1;
				GENERATE_INFOPLIST_FILE = YES;
				MARKETING_VERSION = 1.0;
				PRODUCT_BUNDLE_IDENTIFIER = com.ddanss.airecipeiosUITests;
				PRODUCT_NAME = "$(TARGET_NAME)";
				SWIFT_EMIT_LOC_STRINGS = NO;
				SWIFT_VERSION = 5.0;
				TARGETED_DEVICE_FAMILY = "1,2";
				TEST_TARGET_NAME = airecipeios;
			};
			name = Debug;
		};
		DAAFF6082E14A13D00ECFDA7 /* Release */ = {
			isa = XCBuildConfiguration;
			buildSettings = {
				CODE_SIGN_STYLE = Automatic;
				CURRENT_PROJECT_VERSION = 1;
				GENERATE_INFOPLIST_FILE = YES;
				MARKETING_VERSION = 1.0;
				PRODUCT_BUNDLE_IDENTIFIER = com.ddanss.airecipeiosUITests;
				PRODUCT_NAME = "$(TARGET_NAME)";
				SWIFT_EMIT_LOC_STRINGS = NO;
				SWIFT_VERSION = 5.0;
				TARGETED_DEVICE_FAMILY = "1,2";
				TEST_TARGET_NAME = airecipeios;
			};
			name = Release;
		};
/* End XCBuildConfiguration section */

/* Begin XCConfigurationList section */
		DAAFF5D82E14A13D00ECFDA7 /* Build configuration list for PBXProject "airecipeios" */ = {
			isa = XCConfigurationList;
			buildConfigurations = (
				DAAFF5FE2E14A13D00ECFDA7 /* Debug */,
				DAAFF5FF2E14A13D00ECFDA7 /* Release */,
			);
			defaultConfigurationIsVisible = 0;
			defaultConfigurationName = Release;
		};
		DAAFF6002E14A13D00ECFDA7 /* Build configuration list for PBXNativeTarget "airecipeios" */ = {
			isa = XCConfigurationList;
			buildConfigurations = (
				DAAFF6012E14A13D00ECFDA7 /* Debug */,
				DAAFF6022E14A13D00ECFDA7 /* Release */,
			);
			defaultConfigurationIsVisible = 0;
			defaultConfigurationName = Release;
		};
		DAAFF6032E14A13D00ECFDA7 /* Build configuration list for PBXNativeTarget "airecipeiosTests" */ = {
			isa = XCConfigurationList;
			buildConfigurations = (
				DAAFF6042E14A13D00ECFDA7 /* Debug */,
				DAAFF6052E14A13D00ECFDA7 /* Release */,
			);
			defaultConfigurationIsVisible = 0;
			defaultConfigurationName = Release;
		};
		DAAFF6062E14A13D00ECFDA7 /* Build configuration list for PBXNativeTarget "airecipeiosUITests" */ = {
			isa = XCConfigurationList;
			buildConfigurations = (
				DAAFF6072E14A13D00ECFDA7 /* Debug */,
				DAAFF6082E14A13D00ECFDA7 /* Release */,
			);
			defaultConfigurationIsVisible = 0;
			defaultConfigurationName = Release;
		};
/* End XCConfigurationList section */
	};
	rootObject = DAAFF5D52E14A13D00ECFDA7 /* Project object */;
}
